// !$*UTF8*$!
{
	archiveVersion = 1;
	classes = {
	};
	objectVersion = 50;
	objects = {

/* Begin PBXBuildFile section */
		1B96187D20DA900E000EDE59 /* CustomCollectionViewCell.swift in Sources */ = {isa = PBXBuildFile; fileRef = 1B96187B20DA900E000EDE59 /* CustomCollectionViewCell.swift */; };
		1B96187E20DA900E000EDE59 /* CustomCollectionViewCell.xib in Resources */ = {isa = PBXBuildFile; fileRef = 1B96187C20DA900E000EDE59 /* CustomCollectionViewCell.xib */; };
		1B96188020DA98F1000EDE59 /* UIImageView.swift in Sources */ = {isa = PBXBuildFile; fileRef = 1B96187F20DA98F1000EDE59 /* UIImageView.swift */; };
		1B96188B20DBA331000EDE59 /* FullscreenGalleryViewController.swift in Sources */ = {isa = PBXBuildFile; fileRef = 1B96188920DBA331000EDE59 /* FullscreenGalleryViewController.swift */; };
		1B96188C20DBA331000EDE59 /* FullscreenGalleryViewController.xib in Resources */ = {isa = PBXBuildFile; fileRef = 1B96188A20DBA331000EDE59 /* FullscreenGalleryViewController.xib */; };
		1B96188F20DBAD21000EDE59 /* FullscreenCollectionViewCell.swift in Sources */ = {isa = PBXBuildFile; fileRef = 1B96188D20DBAD21000EDE59 /* FullscreenCollectionViewCell.swift */; };
		1B96189020DBAD21000EDE59 /* FullscreenCollectionViewCell.xib in Resources */ = {isa = PBXBuildFile; fileRef = 1B96188E20DBAD21000EDE59 /* FullscreenCollectionViewCell.xib */; };
		1B96189420DBE9BA000EDE59 /* PhotoStructs.swift in Sources */ = {isa = PBXBuildFile; fileRef = 1B96189320DBE9BA000EDE59 /* PhotoStructs.swift */; };
		1B96189620DC3526000EDE59 /* ThumbnailsViewModel.swift in Sources */ = {isa = PBXBuildFile; fileRef = 1B96189520DC3526000EDE59 /* ThumbnailsViewModel.swift */; };
		1B96189820DC5996000EDE59 /* UIView.swift in Sources */ = {isa = PBXBuildFile; fileRef = 1B96189720DC5996000EDE59 /* UIView.swift */; };
		1B96189A20DC5CBC000EDE59 /* TransitioningDelegate.swift in Sources */ = {isa = PBXBuildFile; fileRef = 1B96189920DC5CBC000EDE59 /* TransitioningDelegate.swift */; };
		1B96189C20DC5CEF000EDE59 /* PresentDetailAnimationController.swift in Sources */ = {isa = PBXBuildFile; fileRef = 1B96189B20DC5CEF000EDE59 /* PresentDetailAnimationController.swift */; };
		1B96189E20DC5D25000EDE59 /* DismissDetailAnimationController.swift in Sources */ = {isa = PBXBuildFile; fileRef = 1B96189D20DC5D25000EDE59 /* DismissDetailAnimationController.swift */; };
		1BEBB4D620DA48420066828A /* AppDelegate.swift in Sources */ = {isa = PBXBuildFile; fileRef = 1BEBB4D520DA48420066828A /* AppDelegate.swift */; };
		1BEBB4D820DA48420066828A /* ViewController.swift in Sources */ = {isa = PBXBuildFile; fileRef = 1BEBB4D720DA48420066828A /* ViewController.swift */; };
		1BEBB4DB20DA48420066828A /* Main.storyboard in Resources */ = {isa = PBXBuildFile; fileRef = 1BEBB4D920DA48420066828A /* Main.storyboard */; };
		1BEBB4DD20DA48430066828A /* Assets.xcassets in Resources */ = {isa = PBXBuildFile; fileRef = 1BEBB4DC20DA48430066828A /* Assets.xcassets */; };
		1BEBB4E020DA48430066828A /* LaunchScreen.storyboard in Resources */ = {isa = PBXBuildFile; fileRef = 1BEBB4DE20DA48430066828A /* LaunchScreen.storyboard */; };
		1BEBB4E820DA486F0066828A /* FlickrAPI.swift in Sources */ = {isa = PBXBuildFile; fileRef = 1BEBB4E720DA486F0066828A /* FlickrAPI.swift */; };
/* End PBXBuildFile section */

/* Begin PBXFileReference section */
		1B96187B20DA900E000EDE59 /* CustomCollectionViewCell.swift */ = {isa = PBXFileReference; lastKnownFileType = sourcecode.swift; path = CustomCollectionViewCell.swift; sourceTree = "<group>"; };
		1B96187C20DA900E000EDE59 /* CustomCollectionViewCell.xib */ = {isa = PBXFileReference; lastKnownFileType = file.xib; path = CustomCollectionViewCell.xib; sourceTree = "<group>"; };
		1B96187F20DA98F1000EDE59 /* UIImageView.swift */ = {isa = PBXFileReference; lastKnownFileType = sourcecode.swift; path = UIImageView.swift; sourceTree = "<group>"; };
		1B96188920DBA331000EDE59 /* FullscreenGalleryViewController.swift */ = {isa = PBXFileReference; lastKnownFileType = sourcecode.swift; path = FullscreenGalleryViewController.swift; sourceTree = "<group>"; };
		1B96188A20DBA331000EDE59 /* FullscreenGalleryViewController.xib */ = {isa = PBXFileReference; lastKnownFileType = file.xib; path = FullscreenGalleryViewController.xib; sourceTree = "<group>"; };
		1B96188D20DBAD21000EDE59 /* FullscreenCollectionViewCell.swift */ = {isa = PBXFileReference; lastKnownFileType = sourcecode.swift; path = FullscreenCollectionViewCell.swift; sourceTree = "<group>"; };
		1B96188E20DBAD21000EDE59 /* FullscreenCollectionViewCell.xib */ = {isa = PBXFileReference; lastKnownFileType = file.xib; path = FullscreenCollectionViewCell.xib; sourceTree = "<group>"; };
		1B96189320DBE9BA000EDE59 /* PhotoStructs.swift */ = {isa = PBXFileReference; lastKnownFileType = sourcecode.swift; path = PhotoStructs.swift; sourceTree = "<group>"; };
		1B96189520DC3526000EDE59 /* ThumbnailsViewModel.swift */ = {isa = PBXFileReference; lastKnownFileType = sourcecode.swift; path = ThumbnailsViewModel.swift; sourceTree = "<group>"; };
		1B96189720DC5996000EDE59 /* UIView.swift */ = {isa = PBXFileReference; lastKnownFileType = sourcecode.swift; path = UIView.swift; sourceTree = "<group>"; };
		1B96189920DC5CBC000EDE59 /* TransitioningDelegate.swift */ = {isa = PBXFileReference; lastKnownFileType = sourcecode.swift; path = TransitioningDelegate.swift; sourceTree = "<group>"; };
		1B96189B20DC5CEF000EDE59 /* PresentDetailAnimationController.swift */ = {isa = PBXFileReference; lastKnownFileType = sourcecode.swift; path = PresentDetailAnimationController.swift; sourceTree = "<group>"; };
		1B96189D20DC5D25000EDE59 /* DismissDetailAnimationController.swift */ = {isa = PBXFileReference; lastKnownFileType = sourcecode.swift; path = DismissDetailAnimationController.swift; sourceTree = "<group>"; };
		1BEBB4D220DA48420066828A /* FlickrApp.app */ = {isa = PBXFileReference; explicitFileType = wrapper.application; includeInIndex = 0; path = FlickrApp.app; sourceTree = BUILT_PRODUCTS_DIR; };
		1BEBB4D520DA48420066828A /* AppDelegate.swift */ = {isa = PBXFileReference; lastKnownFileType = sourcecode.swift; path = AppDelegate.swift; sourceTree = "<group>"; };
		1BEBB4D720DA48420066828A /* ViewController.swift */ = {isa = PBXFileReference; lastKnownFileType = sourcecode.swift; path = ViewController.swift; sourceTree = "<group>"; };
		1BEBB4DA20DA48420066828A /* Base */ = {isa = PBXFileReference; lastKnownFileType = file.storyboard; name = Base; path = Base.lproj/Main.storyboard; sourceTree = "<group>"; };
		1BEBB4DC20DA48430066828A /* Assets.xcassets */ = {isa = PBXFileReference; lastKnownFileType = folder.assetcatalog; path = Assets.xcassets; sourceTree = "<group>"; };
		1BEBB4DF20DA48430066828A /* Base */ = {isa = PBXFileReference; lastKnownFileType = file.storyboard; name = Base; path = Base.lproj/LaunchScreen.storyboard; sourceTree = "<group>"; };
		1BEBB4E120DA48430066828A /* Info.plist */ = {isa = PBXFileReference; lastKnownFileType = text.plist.xml; path = Info.plist; sourceTree = "<group>"; };
		1BEBB4E720DA486F0066828A /* FlickrAPI.swift */ = {isa = PBXFileReference; lastKnownFileType = sourcecode.swift; path = FlickrAPI.swift; sourceTree = "<group>"; };
/* End PBXFileReference section */

/* Begin PBXFrameworksBuildPhase section */
		1BEBB4CF20DA48420066828A /* Frameworks */ = {
			isa = PBXFrameworksBuildPhase;
			buildActionMask = 2147483647;
			files = (
			);
			runOnlyForDeploymentPostprocessing = 0;
		};
/* End PBXFrameworksBuildPhase section */

/* Begin PBXGroup section */
		1B96188120DAF995000EDE59 /* Extensions */ = {
			isa = PBXGroup;
			children = (
				1B96187F20DA98F1000EDE59 /* UIImageView.swift */,
				1B96189720DC5996000EDE59 /* UIView.swift */,
			);
			path = Extensions;
			sourceTree = "<group>";
		};
		1B96188220DAF9A7000EDE59 /* Interface */ = {
			isa = PBXGroup;
			children = (
				1B96189920DC5CBC000EDE59 /* TransitioningDelegate.swift */,
				1B96189B20DC5CEF000EDE59 /* PresentDetailAnimationController.swift */,
				1B96189D20DC5D25000EDE59 /* DismissDetailAnimationController.swift */,
				1B96188D20DBAD21000EDE59 /* FullscreenCollectionViewCell.swift */,
				1B96188E20DBAD21000EDE59 /* FullscreenCollectionViewCell.xib */,
				1B96187B20DA900E000EDE59 /* CustomCollectionViewCell.swift */,
				1B96187C20DA900E000EDE59 /* CustomCollectionViewCell.xib */,
			);
			path = Interface;
			sourceTree = "<group>";
		};
		1BEBB4C920DA48420066828A = {
			isa = PBXGroup;
			children = (
				1BEBB4D420DA48420066828A /* FlickrApp */,
				1BEBB4D320DA48420066828A /* Products */,
			);
			sourceTree = "<group>";
		};
		1BEBB4D320DA48420066828A /* Products */ = {
			isa = PBXGroup;
			children = (
				1BEBB4D220DA48420066828A /* FlickrApp.app */,
			);
			name = Products;
			sourceTree = "<group>";
		};
		1BEBB4D420DA48420066828A /* FlickrApp */ = {
			isa = PBXGroup;
			children = (
				1BEBB4D520DA48420066828A /* AppDelegate.swift */,
				1BEBB4D720DA48420066828A /* ViewController.swift */,
				1B96189520DC3526000EDE59 /* ThumbnailsViewModel.swift */,
				1BEBB4D920DA48420066828A /* Main.storyboard */,
				1B96188920DBA331000EDE59 /* FullscreenGalleryViewController.swift */,
				1B96188A20DBA331000EDE59 /* FullscreenGalleryViewController.xib */,
				1BEBB4E720DA486F0066828A /* FlickrAPI.swift */,
				1B96189320DBE9BA000EDE59 /* PhotoStructs.swift */,
				1B96188220DAF9A7000EDE59 /* Interface */,
				1B96188120DAF995000EDE59 /* Extensions */,
				1BEBB4DC20DA48430066828A /* Assets.xcassets */,
				1BEBB4DE20DA48430066828A /* LaunchScreen.storyboard */,
				1BEBB4E120DA48430066828A /* Info.plist */,
			);
			path = FlickrApp;
			sourceTree = "<group>";
		};
/* End PBXGroup section */

/* Begin PBXNativeTarget section */
		1BEBB4D120DA48420066828A /* FlickrApp */ = {
			isa = PBXNativeTarget;
			buildConfigurationList = 1BEBB4E420DA48430066828A /* Build configuration list for PBXNativeTarget "FlickrApp" */;
			buildPhases = (
				1BEBB4CE20DA48420066828A /* Sources */,
				1BEBB4CF20DA48420066828A /* Frameworks */,
				1BEBB4D020DA48420066828A /* Resources */,
			);
			buildRules = (
			);
			dependencies = (
			);
			name = FlickrApp;
			productName = FlickrApp;
			productReference = 1BEBB4D220DA48420066828A /* FlickrApp.app */;
			productType = "com.apple.product-type.application";
		};
/* End PBXNativeTarget section */

/* Begin PBXProject section */
		1BEBB4CA20DA48420066828A /* Project object */ = {
			isa = PBXProject;
			attributes = {
				LastSwiftUpdateCheck = 0930;
				LastUpgradeCheck = 0930;
				ORGANIZATIONNAME = melisadlg;
				TargetAttributes = {
					1BEBB4D120DA48420066828A = {
						CreatedOnToolsVersion = 9.3.1;
					};
				};
			};
			buildConfigurationList = 1BEBB4CD20DA48420066828A /* Build configuration list for PBXProject "FlickrApp" */;
			compatibilityVersion = "Xcode 9.3";
			developmentRegion = en;
			hasScannedForEncodings = 0;
			knownRegions = (
				en,
				Base,
			);
			mainGroup = 1BEBB4C920DA48420066828A;
			productRefGroup = 1BEBB4D320DA48420066828A /* Products */;
			projectDirPath = "";
			projectRoot = "";
			targets = (
				1BEBB4D120DA48420066828A /* FlickrApp */,
			);
		};
/* End PBXProject section */

/* Begin PBXResourcesBuildPhase section */
		1BEBB4D020DA48420066828A /* Resources */ = {
			isa = PBXResourcesBuildPhase;
			buildActionMask = 2147483647;
			files = (
				1BEBB4E020DA48430066828A /* LaunchScreen.storyboard in Resources */,
				1BEBB4DD20DA48430066828A /* Assets.xcassets in Resources */,
				1B96189020DBAD21000EDE59 /* FullscreenCollectionViewCell.xib in Resources */,
				1B96188C20DBA331000EDE59 /* FullscreenGalleryViewController.xib in Resources */,
				1BEBB4DB20DA48420066828A /* Main.storyboard in Resources */,
				1B96187E20DA900E000EDE59 /* CustomCollectionViewCell.xib in Resources */,
			);
			runOnlyForDeploymentPostprocessing = 0;
		};
/* End PBXResourcesBuildPhase section */

/* Begin PBXSourcesBuildPhase section */
		1BEBB4CE20DA48420066828A /* Sources */ = {
			isa = PBXSourcesBuildPhase;
			buildActionMask = 2147483647;
			files = (
				1B96189620DC3526000EDE59 /* ThumbnailsViewModel.swift in Sources */,
				1B96189E20DC5D25000EDE59 /* DismissDetailAnimationController.swift in Sources */,
				1B96189A20DC5CBC000EDE59 /* TransitioningDelegate.swift in Sources */,
				1B96189820DC5996000EDE59 /* UIView.swift in Sources */,
				1BEBB4D820DA48420066828A /* ViewController.swift in Sources */,
				1B96188B20DBA331000EDE59 /* FullscreenGalleryViewController.swift in Sources */,
				1B96189C20DC5CEF000EDE59 /* PresentDetailAnimationController.swift in Sources */,
				1B96188020DA98F1000EDE59 /* UIImageView.swift in Sources */,
				1BEBB4E820DA486F0066828A /* FlickrAPI.swift in Sources */,
				1BEBB4D620DA48420066828A /* AppDelegate.swift in Sources */,
				1B96188F20DBAD21000EDE59 /* FullscreenCollectionViewCell.swift in Sources */,
				1B96189420DBE9BA000EDE59 /* PhotoStructs.swift in Sources */,
				1B96187D20DA900E000EDE59 /* CustomCollectionViewCell.swift in Sources */,
			);
			runOnlyForDeploymentPostprocessing = 0;
		};
/* End PBXSourcesBuildPhase section */

/* Begin PBXVariantGroup section */
		1BEBB4D920DA48420066828A /* Main.storyboard */ = {
			isa = PBXVariantGroup;
			children = (
				1BEBB4DA20DA48420066828A /* Base */,
			);
			name = Main.storyboard;
			sourceTree = "<group>";
		};
		1BEBB4DE20DA48430066828A /* LaunchScreen.storyboard */ = {
			isa = PBXVariantGroup;
			children = (
				1BEBB4DF20DA48430066828A /* Base */,
			);
			name = LaunchScreen.storyboard;
			sourceTree = "<group>";
		};
/* End PBXVariantGroup section */

/* Begin XCBuildConfiguration section */
		1BEBB4E220DA48430066828A /* Debug */ = {
			isa = XCBuildConfiguration;
			buildSettings = {
				ALWAYS_SEARCH_USER_PATHS = NO;
				CLANG_ANALYZER_NONNULL = YES;
				CLANG_ANALYZER_NUMBER_OBJECT_CONVERSION = YES_AGGRESSIVE;
				CLANG_CXX_LANGUAGE_STANDARD = "gnu++14";
				CLANG_CXX_LIBRARY = "libc++";
				CLANG_ENABLE_MODULES = YES;
				CLANG_ENABLE_OBJC_ARC = YES;
				CLANG_ENABLE_OBJC_WEAK = YES;
				CLANG_WARN_BLOCK_CAPTURE_AUTORELEASING = YES;
				CLANG_WARN_BOOL_CONVERSION = YES;
				CLANG_WARN_COMMA = YES;
				CLANG_WARN_CONSTANT_CONVERSION = YES;
				CLANG_WARN_DEPRECATED_OBJC_IMPLEMENTATIONS = YES;
				CLANG_WARN_DIRECT_OBJC_ISA_USAGE = YES_ERROR;
				CLANG_WARN_DOCUMENTATION_COMMENTS = YES;
				CLANG_WARN_EMPTY_BODY = YES;
				CLANG_WARN_ENUM_CONVERSION = YES;
				CLANG_WARN_INFINITE_RECURSION = YES;
				CLANG_WARN_INT_CONVERSION = YES;
				CLANG_WARN_NON_LITERAL_NULL_CONVERSION = YES;
				CLANG_WARN_OBJC_IMPLICIT_RETAIN_SELF = YES;
				CLANG_WARN_OBJC_LITERAL_CONVERSION = YES;
				CLANG_WARN_OBJC_ROOT_CLASS = YES_ERROR;
				CLANG_WARN_RANGE_LOOP_ANALYSIS = YES;
				CLANG_WARN_STRICT_PROTOTYPES = YES;
				CLANG_WARN_SUSPICIOUS_MOVE = YES;
				CLANG_WARN_UNGUARDED_AVAILABILITY = YES_AGGRESSIVE;
				CLANG_WARN_UNREACHABLE_CODE = YES;
				CLANG_WARN__DUPLICATE_METHOD_MATCH = YES;
				CODE_SIGN_IDENTITY = "iPhone Developer";
				COPY_PHASE_STRIP = NO;
				DEBUG_INFORMATION_FORMAT = dwarf;
				ENABLE_STRICT_OBJC_MSGSEND = YES;
				ENABLE_TESTABILITY = YES;
				GCC_C_LANGUAGE_STANDARD = gnu11;
				GCC_DYNAMIC_NO_PIC = NO;
				GCC_NO_COMMON_BLOCKS = YES;
				GCC_OPTIMIZATION_LEVEL = 0;
				GCC_PREPROCESSOR_DEFINITIONS = (
					"DEBUG=1",
					"$(inherited)",
				);
				GCC_WARN_64_TO_32_BIT_CONVERSION = YES;
				GCC_WARN_ABOUT_RETURN_TYPE = YES_ERROR;
				GCC_WARN_UNDECLARED_SELECTOR = YES;
				GCC_WARN_UNINITIALIZED_AUTOS = YES_AGGRESSIVE;
				GCC_WARN_UNUSED_FUNCTION = YES;
				GCC_WARN_UNUSED_VARIABLE = YES;
				IPHONEOS_DEPLOYMENT_TARGET = 11.3;
				MTL_ENABLE_DEBUG_INFO = YES;
				ONLY_ACTIVE_ARCH = YES;
				SDKROOT = iphoneos;
				SWIFT_ACTIVE_COMPILATION_CONDITIONS = DEBUG;
				SWIFT_OPTIMIZATION_LEVEL = "-Onone";
			};
			name = Debug;
		};
		1BEBB4E320DA48430066828A /* Release */ = {
			isa = XCBuildConfiguration;
			buildSettings = {
				ALWAYS_SEARCH_USER_PATHS = NO;
				CLANG_ANALYZER_NONNULL = YES;
				CLANG_ANALYZER_NUMBER_OBJECT_CONVERSION = YES_AGGRESSIVE;
				CLANG_CXX_LANGUAGE_STANDARD = "gnu++14";
				CLANG_CXX_LIBRARY = "libc++";
				CLANG_ENABLE_MODULES = YES;
				CLANG_ENABLE_OBJC_ARC = YES;
				CLANG_ENABLE_OBJC_WEAK = YES;
				CLANG_WARN_BLOCK_CAPTURE_AUTORELEASING = YES;
				CLANG_WARN_BOOL_CONVERSION = YES;
				CLANG_WARN_COMMA = YES;
				CLANG_WARN_CONSTANT_CONVERSION = YES;
				CLANG_WARN_DEPRECATED_OBJC_IMPLEMENTATIONS = YES;
				CLANG_WARN_DIRECT_OBJC_ISA_USAGE = YES_ERROR;
				CLANG_WARN_DOCUMENTATION_COMMENTS = YES;
				CLANG_WARN_EMPTY_BODY = YES;
				CLANG_WARN_ENUM_CONVERSION = YES;
				CLANG_WARN_INFINITE_RECURSION = YES;
				CLANG_WARN_INT_CONVERSION = YES;
				CLANG_WARN_NON_LITERAL_NULL_CONVERSION = YES;
				CLANG_WARN_OBJC_IMPLICIT_RETAIN_SELF = YES;
				CLANG_WARN_OBJC_LITERAL_CONVERSION = YES;
				CLANG_WARN_OBJC_ROOT_CLASS = YES_ERROR;
				CLANG_WARN_RANGE_LOOP_ANALYSIS = YES;
				CLANG_WARN_STRICT_PROTOTYPES = YES;
				CLANG_WARN_SUSPICIOUS_MOVE = YES;
				CLANG_WARN_UNGUARDED_AVAILABILITY = YES_AGGRESSIVE;
				CLANG_WARN_UNREACHABLE_CODE = YES;
				CLANG_WARN__DUPLICATE_METHOD_MATCH = YES;
				CODE_SIGN_IDENTITY = "iPhone Developer";
				COPY_PHASE_STRIP = NO;
				DEBUG_INFORMATION_FORMAT = "dwarf-with-dsym";
				ENABLE_NS_ASSERTIONS = NO;
				ENABLE_STRICT_OBJC_MSGSEND = YES;
				GCC_C_LANGUAGE_STANDARD = gnu11;
				GCC_NO_COMMON_BLOCKS = YES;
				GCC_WARN_64_TO_32_BIT_CONVERSION = YES;
				GCC_WARN_ABOUT_RETURN_TYPE = YES_ERROR;
				GCC_WARN_UNDECLARED_SELECTOR = YES;
				GCC_WARN_UNINITIALIZED_AUTOS = YES_AGGRESSIVE;
				GCC_WARN_UNUSED_FUNCTION = YES;
				GCC_WARN_UNUSED_VARIABLE = YES;
				IPHONEOS_DEPLOYMENT_TARGET = 11.3;
				MTL_ENABLE_DEBUG_INFO = NO;
				SDKROOT = iphoneos;
				SWIFT_COMPILATION_MODE = wholemodule;
				SWIFT_OPTIMIZATION_LEVEL = "-O";
				VALIDATE_PRODUCT = YES;
			};
			name = Release;
		};
		1BEBB4E520DA48430066828A /* Debug */ = {
			isa = XCBuildConfiguration;
			buildSettings = {
				ASSETCATALOG_COMPILER_APPICON_NAME = AppIcon;
				CODE_SIGN_STYLE = Manual;
				DEVELOPMENT_TEAM = "";
				INFOPLIST_FILE = FlickrApp/Info.plist;
				LD_RUNPATH_SEARCH_PATHS = (
					"$(inherited)",
					"@executable_path/Frameworks",
				);
				PRODUCT_BUNDLE_IDENTIFIER = com.melisadlg.FlickrApp;
				PRODUCT_NAME = "$(TARGET_NAME)";
				PROVISIONING_PROFILE_SPECIFIER = "";
				SWIFT_VERSION = 4.0;
				TARGETED_DEVICE_FAMILY = "1,2";
			};
			name = Debug;
		};
		1BEBB4E620DA48430066828A /* Release */ = {
			isa = XCBuildConfiguration;
			buildSettings = {
				ASSETCATALOG_COMPILER_APPICON_NAME = AppIcon;
				CODE_SIGN_STYLE = Manual;
				DEVELOPMENT_TEAM = "";
				INFOPLIST_FILE = FlickrApp/Info.plist;
				LD_RUNPATH_SEARCH_PATHS = (
					"$(inherited)",
					"@executable_path/Frameworks",
				);
				PRODUCT_BUNDLE_IDENTIFIER = com.melisadlg.FlickrApp;
				PRODUCT_NAME = "$(TARGET_NAME)";
				PROVISIONING_PROFILE_SPECIFIER = "";
				SWIFT_VERSION = 4.0;
				TARGETED_DEVICE_FAMILY = "1,2";
			};
			name = Release;
		};
/* End XCBuildConfiguration section */

/* Begin XCConfigurationList section */
		1BEBB4CD20DA48420066828A /* Build configuration list for PBXProject "FlickrApp" */ = {
			isa = XCConfigurationList;
			buildConfigurations = (
				1BEBB4E220DA48430066828A /* Debug */,
				1BEBB4E320DA48430066828A /* Release */,
			);
			defaultConfigurationIsVisible = 0;
			defaultConfigurationName = Release;
		};
		1BEBB4E420DA48430066828A /* Build configuration list for PBXNativeTarget "FlickrApp" */ = {
			isa = XCConfigurationList;
			buildConfigurations = (
				1BEBB4E520DA48430066828A /* Debug */,
				1BEBB4E620DA48430066828A /* Release */,
			);
			defaultConfigurationIsVisible = 0;
			defaultConfigurationName = Release;
		};
/* End XCConfigurationList section */
	};
	rootObject = 1BEBB4CA20DA48420066828A /* Project object */;
}
